
Microsoft Visual Studio Solution File, Format Version 12.00
# Visual Studio Version 17
VisualStudioVersion = 17.2.32602.215
MinimumVisualStudioVersion = 10.0.40219.1
Project("{9A19103F-16F7-4668-BE54-9A1E7A4F7556}") = "Rename.Cli", "src\Rename.Cli\Rename.Cli.csproj", "{3D5D6664-C083-435E-8299-309D0E372DB3}"
EndProject
Global
	GlobalSection(SolutionConfigurationPlatforms) = preSolution
		Debug|Any CPU = Debug|Any CPU
		Release|Any CPU = Release|Any CPU
	EndGlobalSection
	GlobalSection(ProjectConfigurationPlatforms) = postSolution
		{3D5D6664-C083-435E-8299-309D0E372DB3}.Debug|Any CPU.ActiveCfg = Debug|Any CPU
		{3D5D6664-C083-435E-8299-309D0E372DB3}.Debug|Any CPU.Build.0 = Debug|Any CPU
		{3D5D6664-C083-435E-8299-309D0E372DB3}.Release|Any CPU.ActiveCfg = Release|Any CPU
		{3D5D6664-C083-435E-8299-309D0E372DB3}.Release|Any CPU.Build.0 = Release|Any CPU
	EndGlobalSection
	GlobalSection(SolutionProperties) = preSolution
		HideSolutionNode = FALSE
	EndGlobalSection
	GlobalSection(ExtensibilityGlobals) = postSolution
		SolutionGuid = {AA9E93FD-F196-4CC9-B564-3AA2B325E0FC}
	EndGlobalSection
EndGlobal
